{
  "version": "v1",
  "packages": {
    "grommet-exp-theme": {
      "signature": "6c8806c00798a9c8fab5a6398c01249b",
      "file": true
    },
    "grommet-exp": {
      "signature": "94b25f2044959e7df5ec1669b2779e4f",
      "file": true
    },
    "grommet-exp-tokens": {
      "signature": "7336eb0a1d22e6e26f96a9c53403bb50",
      "file": true
    }
  }
}