{
  "version": "v1",
  "packages": {
    "grommet-exp-theme": {
      "signature": "2f54a680d7855898d2397d857b471321",
      "file": true
    },
    "grommet-exp": {
      "signature": "c5a0f0fedcbba27fde8fa92698fa6e85",
      "file": true
    },
    "grommet-exp-tokens": {
      "signature": "bcc35a9278fb9c9eaea45009542d78ab",
      "file": true
    }
  }
}