{
  "version": "v1",
  "packages": {
    "grommet-exp-theme": {
      "signature": "e14fe239909ccace283ed3887fa3aaeb",
      "file": true
    },
    "grommet-exp": {
      "signature": "dc571cc5776032768cc5cca697dc8610",
      "file": true
    },
    "grommet-exp-tokens": {
      "signature": "a042e7ce9f183f4114dc315a082b3ade",
      "file": true
    }
  }
}